
Microsoft Visual Studio Solution File, Format Version 12.00
# Visual Studio Version 16
VisualStudioVersion = 16.0.31624.102
MinimumVisualStudioVersion = 10.0.40219.1
Project("{8BC9CEB8-8B4A-11D0-8D11-00A0C91BC942}") = "SGA_JHLEE_UpAndDown", "SGA_JHLEE_UpAndDown\SGA_JHLEE_UpAndDown.vcxproj", "{0C4A04F6-CB8C-42B1-A83B-98337E6353BB}"
EndProject
Global
	GlobalSection(SolutionConfigurationPlatforms) = preSolution
		Debug|x64 = Debug|x64
		Debug|x86 = Debug|x86
		Release|x64 = Release|x64
		Release|x86 = Release|x86
	EndGlobalSection
	GlobalSection(ProjectConfigurationPlatforms) = postSolution
		{0C4A04F6-CB8C-42B1-A83B-98337E6353BB}.Debug|x64.ActiveCfg = Debug|x64
		{0C4A04F6-CB8C-42B1-A83B-98337E6353BB}.Debug|x64.Build.0 = Debug|x64
		{0C4A04F6-CB8C-42B1-A83B-98337E6353BB}.Debug|x86.ActiveCfg = Debug|Win32
		{0C4A04F6-CB8C-42B1-A83B-98337E6353BB}.Debug|x86.Build.0 = Debug|Win32
		{0C4A04F6-CB8C-42B1-A83B-98337E6353BB}.Release|x64.ActiveCfg = Release|x64
		{0C4A04F6-CB8C-42B1-A83B-98337E6353BB}.Release|x64.Build.0 = Release|x64
		{0C4A04F6-CB8C-42B1-A83B-98337E6353BB}.Release|x86.ActiveCfg = Release|Win32
		{0C4A04F6-CB8C-42B1-A83B-98337E6353BB}.Release|x86.Build.0 = Release|Win32
	EndGlobalSection
	GlobalSection(SolutionProperties) = preSolution
		HideSolutionNode = FALSE
	EndGlobalSection
	GlobalSection(ExtensibilityGlobals) = postSolution
		SolutionGuid = {786D8BDB-E67A-45CE-A526-5C5F0F085823}
	EndGlobalSection
EndGlobal
