
Microsoft Visual Studio Solution File, Format Version 12.00
# Visual Studio Version 17
VisualStudioVersion = 17.3.32901.215
MinimumVisualStudioVersion = 10.0.40219.1
Project("{8BC9CEB8-8B4A-11D0-8D11-00A0C91BC942}") = "과제풀이", "과제풀이\과제풀이.vcxproj", "{B5EC2383-C077-424C-9500-49F07EEEC76B}"
EndProject
Global
	GlobalSection(SolutionConfigurationPlatforms) = preSolution
		Debug|x64 = Debug|x64
		Debug|x86 = Debug|x86
		Release|x64 = Release|x64
		Release|x86 = Release|x86
	EndGlobalSection
	GlobalSection(ProjectConfigurationPlatforms) = postSolution
		{B5EC2383-C077-424C-9500-49F07EEEC76B}.Debug|x64.ActiveCfg = Debug|x64
		{B5EC2383-C077-424C-9500-49F07EEEC76B}.Debug|x64.Build.0 = Debug|x64
		{B5EC2383-C077-424C-9500-49F07EEEC76B}.Debug|x86.ActiveCfg = Debug|Win32
		{B5EC2383-C077-424C-9500-49F07EEEC76B}.Debug|x86.Build.0 = Debug|Win32
		{B5EC2383-C077-424C-9500-49F07EEEC76B}.Release|x64.ActiveCfg = Release|x64
		{B5EC2383-C077-424C-9500-49F07EEEC76B}.Release|x64.Build.0 = Release|x64
		{B5EC2383-C077-424C-9500-49F07EEEC76B}.Release|x86.ActiveCfg = Release|Win32
		{B5EC2383-C077-424C-9500-49F07EEEC76B}.Release|x86.Build.0 = Release|Win32
	EndGlobalSection
	GlobalSection(SolutionProperties) = preSolution
		HideSolutionNode = FALSE
	EndGlobalSection
	GlobalSection(ExtensibilityGlobals) = postSolution
		SolutionGuid = {27E3970D-87B7-442A-9709-F9E4F4DC32BC}
	EndGlobalSection
EndGlobal
