
Microsoft Visual Studio Solution File, Format Version 12.00
# Visual Studio Version 16
VisualStudioVersion = 16.0.31624.102
MinimumVisualStudioVersion = 10.0.40219.1
Project("{8BC9CEB8-8B4A-11D0-8D11-00A0C91BC942}") = "수업파일", "수업파일\수업파일.vcxproj", "{8DDA1AF3-9920-4720-88F9-88C7D2D0F576}"
EndProject
Global
	GlobalSection(SolutionConfigurationPlatforms) = preSolution
		Debug|x64 = Debug|x64
		Debug|x86 = Debug|x86
		Release|x64 = Release|x64
		Release|x86 = Release|x86
	EndGlobalSection
	GlobalSection(ProjectConfigurationPlatforms) = postSolution
		{8DDA1AF3-9920-4720-88F9-88C7D2D0F576}.Debug|x64.ActiveCfg = Debug|x64
		{8DDA1AF3-9920-4720-88F9-88C7D2D0F576}.Debug|x64.Build.0 = Debug|x64
		{8DDA1AF3-9920-4720-88F9-88C7D2D0F576}.Debug|x86.ActiveCfg = Debug|Win32
		{8DDA1AF3-9920-4720-88F9-88C7D2D0F576}.Debug|x86.Build.0 = Debug|Win32
		{8DDA1AF3-9920-4720-88F9-88C7D2D0F576}.Release|x64.ActiveCfg = Release|x64
		{8DDA1AF3-9920-4720-88F9-88C7D2D0F576}.Release|x64.Build.0 = Release|x64
		{8DDA1AF3-9920-4720-88F9-88C7D2D0F576}.Release|x86.ActiveCfg = Release|Win32
		{8DDA1AF3-9920-4720-88F9-88C7D2D0F576}.Release|x86.Build.0 = Release|Win32
	EndGlobalSection
	GlobalSection(SolutionProperties) = preSolution
		HideSolutionNode = FALSE
	EndGlobalSection
	GlobalSection(ExtensibilityGlobals) = postSolution
		SolutionGuid = {AC81E9AF-B331-464E-9761-5A9A4F3537A6}
	EndGlobalSection
EndGlobal
